// !$*UTF8*$!
{
	archiveVersion = 1;
	classes = {
	};
	objectVersion = 77;
	objects = {

/* Begin PBXContainerItemProxy section */
		FC2007DF2CDD14C100CFDA83 /* PBXContainerItemProxy */ = {
			isa = PBXContainerItemProxy;
			containerPortal = FC2007C02CDD14BD00CFDA83 /* Project object */;
			proxyType = 1;
			remoteGlobalIDString = FC2007C72CDD14BD00CFDA83;
			remoteInfo = WeatherAppReal;
		};
		FC2007E92CDD14C100CFDA83 /* PBXContainerItemProxy */ = {
			isa = PBXContainerItemProxy;
			containerPortal = FC2007C02CDD14BD00CFDA83 /* Project object */;
			proxyType = 1;
			remoteGlobalIDString = FC2007C72CDD14BD00CFDA83;
			remoteInfo = WeatherAppReal;
		};
/* End PBXContainerItemProxy section */

/* Begin PBXFileReference section */
		FC2007C82CDD14BD00CFDA83 /* WeatherAppReal.app */ = {isa = PBXFileReference; explicitFileType = wrapper.application; includeInIndex = 0; path = WeatherAppReal.app; sourceTree = BUILT_PRODUCTS_DIR; };
		FC2007DE2CDD14C100CFDA83 /* WeatherAppRealTests.xctest */ = {isa = PBXFileReference; explicitFileType = wrapper.cfbundle; includeInIndex = 0; path = WeatherAppRealTests.xctest; sourceTree = BUILT_PRODUCTS_DIR; };
		FC2007E82CDD14C100CFDA83 /* WeatherAppRealUITests.xctest */ = {isa = PBXFileReference; explicitFileType = wrapper.cfbundle; includeInIndex = 0; path = WeatherAppRealUITests.xctest; sourceTree = BUILT_PRODUCTS_DIR; };
/* End PBXFileReference section */

/* Begin PBXFileSystemSynchronizedBuildFileExceptionSet section */
		FC2007F02CDD14C100CFDA83 /* Exceptions for "WeatherAppReal" folder in "WeatherAppReal" target */ = {
			isa = PBXFileSystemSynchronizedBuildFileExceptionSet;
			membershipExceptions = (
				Info.plist,
			);
			target = FC2007C72CDD14BD00CFDA83 /* WeatherAppReal */;
		};
/* End PBXFileSystemSynchronizedBuildFileExceptionSet section */

/* Begin PBXFileSystemSynchronizedRootGroup section */
		FC2007CA2CDD14BD00CFDA83 /* WeatherAppReal */ = {
			isa = PBXFileSystemSynchronizedRootGroup;
			exceptions = (
				FC2007F02CDD14C100CFDA83 /* Exceptions for "WeatherAppReal" folder in "WeatherAppReal" target */,
			);
			path = WeatherAppReal;
			sourceTree = "<group>";
		};
		FC2007E12CDD14C100CFDA83 /* WeatherAppRealTests */ = {
			isa = PBXFileSystemSynchronizedRootGroup;
			path = WeatherAppRealTests;
			sourceTree = "<group>";
		};
		FC2007EB2CDD14C100CFDA83 /* WeatherAppRealUITests */ = {
			isa = PBXFileSystemSynchronizedRootGroup;
			path = WeatherAppRealUITests;
			sourceTree = "<group>";
		};
/* End PBXFileSystemSynchronizedRootGroup section */

/* Begin PBXFrameworksBuildPhase section */
		FC2007C52CDD14BD00CFDA83 /* Frameworks */ = {
			isa = PBXFrameworksBuildPhase;
			buildActionMask = 2147483647;
			files = (
			);
			runOnlyForDeploymentPostprocessing = 0;
		};
		FC2007DB2CDD14C100CFDA83 /* Frameworks */ = {
			isa = PBXFrameworksBuildPhase;
			buildActionMask = 2147483647;
			files = (
			);
			runOnlyForDeploymentPostprocessing = 0;
		};
		FC2007E52CDD14C100CFDA83 /* Frameworks */ = {
			isa = PBXFrameworksBuildPhase;
			buildActionMask = 2147483647;
			files = (
			);
			runOnlyForDeploymentPostprocessing = 0;
		};
/* End PBXFrameworksBuildPhase section */

/* Begin PBXGroup section */
		FC2007BF2CDD14BD00CFDA83 = {
			isa = PBXGroup;
			children = (
				FC2007CA2CDD14BD00CFDA83 /* WeatherAppReal */,
				FC2007E12CDD14C100CFDA83 /* WeatherAppRealTests */,
				FC2007EB2CDD14C100CFDA83 /* WeatherAppRealUITests */,
				FC2007C92CDD14BD00CFDA83 /* Products */,
			);
			sourceTree = "<group>";
		};
		FC2007C92CDD14BD00CFDA83 /* Products */ = {
			isa = PBXGroup;
			children = (
				FC2007C82CDD14BD00CFDA83 /* WeatherAppReal.app */,
				FC2007DE2CDD14C100CFDA83 /* WeatherAppRealTests.xctest */,
				FC2007E82CDD14C100CFDA83 /* WeatherAppRealUITests.xctest */,
			);
			name = Products;
			sourceTree = "<group>";
		};
/* End PBXGroup section */

/* Begin PBXNativeTarget section */
		FC2007C72CDD14BD00CFDA83 /* WeatherAppReal */ = {
			isa = PBXNativeTarget;
			buildConfigurationList = FC2007F12CDD14C100CFDA83 /* Build configuration list for PBXNativeTarget "WeatherAppReal" */;
			buildPhases = (
				FC2007C42CDD14BD00CFDA83 /* Sources */,
				FC2007C52CDD14BD00CFDA83 /* Frameworks */,
				FC2007C62CDD14BD00CFDA83 /* Resources */,
			);
			buildRules = (
			);
			dependencies = (
			);
			fileSystemSynchronizedGroups = (
				FC2007CA2CDD14BD00CFDA83 /* WeatherAppReal */,
			);
			name = WeatherAppReal;
			packageProductDependencies = (
			);
			productName = WeatherAppReal;
			productReference = FC2007C82CDD14BD00CFDA83 /* WeatherAppReal.app */;
			productType = "com.apple.product-type.application";
		};
		FC2007DD2CDD14C100CFDA83 /* WeatherAppRealTests */ = {
			isa = PBXNativeTarget;
			buildConfigurationList = FC2007F62CDD14C100CFDA83 /* Build configuration list for PBXNativeTarget "WeatherAppRealTests" */;
			buildPhases = (
				FC2007DA2CDD14C100CFDA83 /* Sources */,
				FC2007DB2CDD14C100CFDA83 /* Frameworks */,
				FC2007DC2CDD14C100CFDA83 /* Resources */,
			);
			buildRules = (
			);
			dependencies = (
				FC2007E02CDD14C100CFDA83 /* PBXTargetDependency */,
			);
			fileSystemSynchronizedGroups = (
				FC2007E12CDD14C100CFDA83 /* WeatherAppRealTests */,
			);
			name = WeatherAppRealTests;
			packageProductDependencies = (
			);
			productName = WeatherAppRealTests;
			productReference = FC2007DE2CDD14C100CFDA83 /* WeatherAppRealTests.xctest */;
			productType = "com.apple.product-type.bundle.unit-test";
		};
		FC2007E72CDD14C100CFDA83 /* WeatherAppRealUITests */ = {
			isa = PBXNativeTarget;
			buildConfigurationList = FC2007F92CDD14C100CFDA83 /* Build configuration list for PBXNativeTarget "WeatherAppRealUITests" */;
			buildPhases = (
				FC2007E42CDD14C100CFDA83 /* Sources */,
				FC2007E52CDD14C100CFDA83 /* Frameworks */,
				FC2007E62CDD14C100CFDA83 /* Resources */,
			);
			buildRules = (
			);
			dependencies = (
				FC2007EA2CDD14C100CFDA83 /* PBXTargetDependency */,
			);
			fileSystemSynchronizedGroups = (
				FC2007EB2CDD14C100CFDA83 /* WeatherAppRealUITests */,
			);
			name = WeatherAppRealUITests;
			packageProductDependencies = (
			);
			productName = WeatherAppRealUITests;
			productReference = FC2007E82CDD14C100CFDA83 /* WeatherAppRealUITests.xctest */;
			productType = "com.apple.product-type.bundle.ui-testing";
		};
/* End PBXNativeTarget section */

/* Begin PBXProject section */
		FC2007C02CDD14BD00CFDA83 /* Project object */ = {
			isa = PBXProject;
			attributes = {
				BuildIndependentTargetsInParallel = 1;
				LastSwiftUpdateCheck = 1610;
				LastUpgradeCheck = 1610;
				TargetAttributes = {
					FC2007C72CDD14BD00CFDA83 = {
						CreatedOnToolsVersion = 16.1;
					};
					FC2007DD2CDD14C100CFDA83 = {
						CreatedOnToolsVersion = 16.1;
						TestTargetID = FC2007C72CDD14BD00CFDA83;
					};
					FC2007E72CDD14C100CFDA83 = {
						CreatedOnToolsVersion = 16.1;
						TestTargetID = FC2007C72CDD14BD00CFDA83;
					};
				};
			};
			buildConfigurationList = FC2007C32CDD14BD00CFDA83 /* Build configuration list for PBXProject "WeatherAppReal" */;
			developmentRegion = en;
			hasScannedForEncodings = 0;
			knownRegions = (
				en,
				Base,
			);
			mainGroup = FC2007BF2CDD14BD00CFDA83;
			minimizedProjectReferenceProxies = 1;
			preferredProjectObjectVersion = 77;
			productRefGroup = FC2007C92CDD14BD00CFDA83 /* Products */;
			projectDirPath = "";
			projectRoot = "";
			targets = (
				FC2007C72CDD14BD00CFDA83 /* WeatherAppReal */,
				FC2007DD2CDD14C100CFDA83 /* WeatherAppRealTests */,
				FC2007E72CDD14C100CFDA83 /* WeatherAppRealUITests */,
			);
		};
/* End PBXProject section */

/* Begin PBXResourcesBuildPhase section */
		FC2007C62CDD14BD00CFDA83 /* Resources */ = {
			isa = PBXResourcesBuildPhase;
			buildActionMask = 2147483647;
			files = (
			);
			runOnlyForDeploymentPostprocessing = 0;
		};
		FC2007DC2CDD14C100CFDA83 /* Resources */ = {
			isa = PBXResourcesBuildPhase;
			buildActionMask = 2147483647;
			files = (
			);
			runOnlyForDeploymentPostprocessing = 0;
		};
		FC2007E62CDD14C100CFDA83 /* Resources */ = {
			isa = PBXResourcesBuildPhase;
			buildActionMask = 2147483647;
			files = (
			);
			runOnlyForDeploymentPostprocessing = 0;
		};
/* End PBXResourcesBuildPhase section */

/* Begin PBXSourcesBuildPhase section */
		FC2007C42CDD14BD00CFDA83 /* Sources */ = {
			isa = PBXSourcesBuildPhase;
			buildActionMask = 2147483647;
			files = (
			);
			runOnlyForDeploymentPostprocessing = 0;
		};
		FC2007DA2CDD14C100CFDA83 /* Sources */ = {
			isa = PBXSourcesBuildPhase;
			buildActionMask = 2147483647;
			files = (
			);
			runOnlyForDeploymentPostprocessing = 0;
		};
		FC2007E42CDD14C100CFDA83 /* Sources */ = {
			isa = PBXSourcesBuildPhase;
			buildActionMask = 2147483647;
			files = (
			);
			runOnlyForDeploymentPostprocessing = 0;
		};
/* End PBXSourcesBuildPhase section */

/* Begin PBXTargetDependency section */
		FC2007E02CDD14C100CFDA83 /* PBXTargetDependency */ = {
			isa = PBXTargetDependency;
			target = FC2007C72CDD14BD00CFDA83 /* WeatherAppReal */;
			targetProxy = FC2007DF2CDD14C100CFDA83 /* PBXContainerItemProxy */;
		};
		FC2007EA2CDD14C100CFDA83 /* PBXTargetDependency */ = {
			isa = PBXTargetDependency;
			target = FC2007C72CDD14BD00CFDA83 /* WeatherAppReal */;
			targetProxy = FC2007E92CDD14C100CFDA83 /* PBXContainerItemProxy */;
		};
/* End PBXTargetDependency section */

/* Begin XCBuildConfiguration section */
		FC2007F22CDD14C100CFDA83 /* Debug */ = {
			isa = XCBuildConfiguration;
			buildSettings = {
				ASSETCATALOG_COMPILER_APPICON_NAME = AppIcon;
				ASSETCATALOG_COMPILER_GLOBAL_ACCENT_COLOR_NAME = AccentColor;
				CODE_SIGN_STYLE = Automatic;
				CURRENT_PROJECT_VERSION = 1;
				GENERATE_INFOPLIST_FILE = YES;
				INFOPLIST_FILE = WeatherAppReal/Info.plist;
				INFOPLIST_KEY_UIApplicationSupportsIndirectInputEvents = YES;
				INFOPLIST_KEY_UILaunchStoryboardName = LaunchScreen;
				INFOPLIST_KEY_UISupportedInterfaceOrientations_iPad = "UIInterfaceOrientationPortrait UIInterfaceOrientationPortraitUpsideDown UIInterfaceOrientationLandscapeLeft UIInterfaceOrientationLandscapeRight";
				INFOPLIST_KEY_UISupportedInterfaceOrientations_iPhone = "UIInterfaceOrientationPortrait UIInterfaceOrientationLandscapeLeft UIInterfaceOrientationLandscapeRight";
				LD_RUNPATH_SEARCH_PATHS = (
					"$(inherited)",
					"@executable_path/Frameworks",
				);
				MARKETING_VERSION = 1.0;
				PRODUCT_BUNDLE_IDENTIFIER = khalid.com.WeatherAppReal;
				PRODUCT_NAME = "$(TARGET_NAME)";
				SWIFT_EMIT_LOC_STRINGS = YES;
				SWIFT_VERSION = 5.0;
				TARGETED_DEVICE_FAMILY = "1,2";
			};
			name = Debug;
		};
		FC2007F32CDD14C100CFDA83 /* Release */ = {
			isa = XCBuildConfiguration;
			buildSettings = {
				ASSETCATALOG_COMPILER_APPICON_NAME = AppIcon;
				ASSETCATALOG_COMPILER_GLOBAL_ACCENT_COLOR_NAME = AccentColor;
				CODE_SIGN_STYLE = Automatic;
				CURRENT_PROJECT_VERSION = 1;
				GENERATE_INFOPLIST_FILE = YES;
				INFOPLIST_FILE = WeatherAppReal/Info.plist;
				INFOPLIST_KEY_UIApplicationSupportsIndirectInputEvents = YES;
				INFOPLIST_KEY_UILaunchStoryboardName = LaunchScreen;
				INFOPLIST_KEY_UISupportedInterfaceOrientations_iPad = "UIInterfaceOrientationPortrait UIInterfaceOrientationPortraitUpsideDown UIInterfaceOrientationLandscapeLeft UIInterfaceOrientationLandscapeRight";
				INFOPLIST_KEY_UISupportedInterfaceOrientations_iPhone = "UIInterfaceOrientationPortrait UIInterfaceOrientationLandscapeLeft UIInterfaceOrientationLandscapeRight";
				LD_RUNPATH_SEARCH_PATHS = (
					"$(inherited)",
					"@executable_path/Frameworks",
				);
				MARKETING_VERSION = 1.0;
				PRODUCT_BUNDLE_IDENTIFIER = khalid.com.WeatherAppReal;
				PRODUCT_NAME = "$(TARGET_NAME)";
				SWIFT_EMIT_LOC_STRINGS = YES;
				SWIFT_VERSION = 5.0;
				TARGETED_DEVICE_FAMILY = "1,2";
			};
			name = Release;
		};
		FC2007F42CDD14C100CFDA83 /* Debug */ = {
			isa = XCBuildConfiguration;
			baseConfigurationReferenceAnchor = FC2007CA2CDD14BD00CFDA83 /* WeatherAppReal */;
			baseConfigurationReferenceRelativePath = Config.xcconfig;
			buildSettings = {
				ALWAYS_SEARCH_USER_PATHS = NO;
				ASSETCATALOG_COMPILER_GENERATE_SWIFT_ASSET_SYMBOL_EXTENSIONS = YES;
				CLANG_ANALYZER_NONNULL = YES;
				CLANG_ANALYZER_NUMBER_OBJECT_CONVERSION = YES_AGGRESSIVE;
				CLANG_CXX_LANGUAGE_STANDARD = "gnu++20";
				CLANG_ENABLE_MODULES = YES;
				CLANG_ENABLE_OBJC_ARC = YES;
				CLANG_ENABLE_OBJC_WEAK = YES;
				CLANG_WARN_BLOCK_CAPTURE_AUTORELEASING = YES;
				CLANG_WARN_BOOL_CONVERSION = YES;
				CLANG_WARN_COMMA = YES;
				CLANG_WARN_CONSTANT_CONVERSION = YES;
				CLANG_WARN_DEPRECATED_OBJC_IMPLEMENTATIONS = YES;
				CLANG_WARN_DIRECT_OBJC_ISA_USAGE = YES_ERROR;
				CLANG_WARN_DOCUMENTATION_COMMENTS = YES;
				CLANG_WARN_EMPTY_BODY = YES;
				CLANG_WARN_ENUM_CONVERSION = YES;
				CLANG_WARN_INFINITE_RECURSION = YES;
				CLANG_WARN_INT_CONVERSION = YES;
				CLANG_WARN_NON_LITERAL_NULL_CONVERSION = YES;
				CLANG_WARN_OBJC_IMPLICIT_RETAIN_SELF = YES;
				CLANG_WARN_OBJC_LITERAL_CONVERSION = YES;
				CLANG_WARN_OBJC_ROOT_CLASS = YES_ERROR;
				CLANG_WARN_QUOTED_INCLUDE_IN_FRAMEWORK_HEADER = YES;
				CLANG_WARN_RANGE_LOOP_ANALYSIS = YES;
				CLANG_WARN_STRICT_PROTOTYPES = YES;
				CLANG_WARN_SUSPICIOUS_MOVE = YES;
				CLANG_WARN_UNGUARDED_AVAILABILITY = YES_AGGRESSIVE;
				CLANG_WARN_UNREACHABLE_CODE = YES;
				CLANG_WARN__DUPLICATE_METHOD_MATCH = YES;
				COPY_PHASE_STRIP = NO;
				DEBUG_INFORMATION_FORMAT = dwarf;
				ENABLE_STRICT_OBJC_MSGSEND = YES;
				ENABLE_TESTABILITY = YES;
				ENABLE_USER_SCRIPT_SANDBOXING = YES;
				GCC_C_LANGUAGE_STANDARD = gnu17;
				GCC_DYNAMIC_NO_PIC = NO;
				GCC_NO_COMMON_BLOCKS = YES;
				GCC_OPTIMIZATION_LEVEL = 0;
				GCC_PREPROCESSOR_DEFINITIONS = (
					"DEBUG=1",
					"$(inherited)",
				);
				GCC_WARN_64_TO_32_BIT_CONVERSION = YES;
				GCC_WARN_ABOUT_RETURN_TYPE = YES_ERROR;
				GCC_WARN_UNDECLARED_SELECTOR = YES;
				GCC_WARN_UNINITIALIZED_AUTOS = YES_AGGRESSIVE;
				GCC_WARN_UNUSED_FUNCTION = YES;
				GCC_WARN_UNUSED_VARIABLE = YES;
				IPHONEOS_DEPLOYMENT_TARGET = 18.1;
				LOCALIZATION_PREFERS_STRING_CATALOGS = YES;
				MTL_ENABLE_DEBUG_INFO = INCLUDE_SOURCE;
				MTL_FAST_MATH = YES;
				ONLY_ACTIVE_ARCH = YES;
				SDKROOT = iphoneos;
				SWIFT_ACTIVE_COMPILATION_CONDITIONS = "DEBUG $(inherited)";
				SWIFT_OPTIMIZATION_LEVEL = "-Onone";
			};
			name = Debug;
		};
		FC2007F52CDD14C100CFDA83 /* Release */ = {
			isa = XCBuildConfiguration;
			baseConfigurationReferenceAnchor = FC2007CA2CDD14BD00CFDA83 /* WeatherAppReal */;
			baseConfigurationReferenceRelativePath = Config.xcconfig;
			buildSettings = {
				ALWAYS_SEARCH_USER_PATHS = NO;
				ASSETCATALOG_COMPILER_GENERATE_SWIFT_ASSET_SYMBOL_EXTENSIONS = YES;
				CLANG_ANALYZER_NONNULL = YES;
				CLANG_ANALYZER_NUMBER_OBJECT_CONVERSION = YES_AGGRESSIVE;
				CLANG_CXX_LANGUAGE_STANDARD = "gnu++20";
				CLANG_ENABLE_MODULES = YES;
				CLANG_ENABLE_OBJC_ARC = YES;
				CLANG_ENABLE_OBJC_WEAK = YES;
				CLANG_WARN_BLOCK_CAPTURE_AUTORELEASING = YES;
				CLANG_WARN_BOOL_CONVERSION = YES;
				CLANG_WARN_COMMA = YES;
				CLANG_WARN_CONSTANT_CONVERSION = YES;
				CLANG_WARN_DEPRECATED_OBJC_IMPLEMENTATIONS = YES;
				CLANG_WARN_DIRECT_OBJC_ISA_USAGE = YES_ERROR;
				CLANG_WARN_DOCUMENTATION_COMMENTS = YES;
				CLANG_WARN_EMPTY_BODY = YES;
				CLANG_WARN_ENUM_CONVERSION = YES;
				CLANG_WARN_INFINITE_RECURSION = YES;
				CLANG_WARN_INT_CONVERSION = YES;
				CLANG_WARN_NON_LITERAL_NULL_CONVERSION = YES;
				CLANG_WARN_OBJC_IMPLICIT_RETAIN_SELF = YES;
				CLANG_WARN_OBJC_LITERAL_CONVERSION = YES;
				CLANG_WARN_OBJC_ROOT_CLASS = YES_ERROR;
				CLANG_WARN_QUOTED_INCLUDE_IN_FRAMEWORK_HEADER = YES;
				CLANG_WARN_RANGE_LOOP_ANALYSIS = YES;
				CLANG_WARN_STRICT_PROTOTYPES = YES;
				CLANG_WARN_SUSPICIOUS_MOVE = YES;
				CLANG_WARN_UNGUARDED_AVAILABILITY = YES_AGGRESSIVE;
				CLANG_WARN_UNREACHABLE_CODE = YES;
				CLANG_WARN__DUPLICATE_METHOD_MATCH = YES;
				COPY_PHASE_STRIP = NO;
				DEBUG_INFORMATION_FORMAT = "dwarf-with-dsym";
				ENABLE_NS_ASSERTIONS = NO;
				ENABLE_STRICT_OBJC_MSGSEND = YES;
				ENABLE_USER_SCRIPT_SANDBOXING = YES;
				GCC_C_LANGUAGE_STANDARD = gnu17;
				GCC_NO_COMMON_BLOCKS = YES;
				GCC_WARN_64_TO_32_BIT_CONVERSION = YES;
				GCC_WARN_ABOUT_RETURN_TYPE = YES_ERROR;
				GCC_WARN_UNDECLARED_SELECTOR = YES;
				GCC_WARN_UNINITIALIZED_AUTOS = YES_AGGRESSIVE;
				GCC_WARN_UNUSED_FUNCTION = YES;
				GCC_WARN_UNUSED_VARIABLE = YES;
				IPHONEOS_DEPLOYMENT_TARGET = 18.1;
				LOCALIZATION_PREFERS_STRING_CATALOGS = YES;
				MTL_ENABLE_DEBUG_INFO = NO;
				MTL_FAST_MATH = YES;
				SDKROOT = iphoneos;
				SWIFT_COMPILATION_MODE = wholemodule;
				VALIDATE_PRODUCT = YES;
			};
			name = Release;
		};
		FC2007F72CDD14C100CFDA83 /* Debug */ = {
			isa = XCBuildConfiguration;
			buildSettings = {
				BUNDLE_LOADER = "$(TEST_HOST)";
				CODE_SIGN_STYLE = Automatic;
				CURRENT_PROJECT_VERSION = 1;
				GENERATE_INFOPLIST_FILE = YES;
				IPHONEOS_DEPLOYMENT_TARGET = 18.1;
				MARKETING_VERSION = 1.0;
				PRODUCT_BUNDLE_IDENTIFIER = khalid.com.WeatherAppRealTests;
				PRODUCT_NAME = "$(TARGET_NAME)";
				SWIFT_EMIT_LOC_STRINGS = NO;
				SWIFT_VERSION = 5.0;
				TARGETED_DEVICE_FAMILY = "1,2";
				TEST_HOST = "$(BUILT_PRODUCTS_DIR)/WeatherAppReal.app/$(BUNDLE_EXECUTABLE_FOLDER_PATH)/WeatherAppReal";
			};
			name = Debug;
		};
		FC2007F82CDD14C100CFDA83 /* Release */ = {
			isa = XCBuildConfiguration;
			buildSettings = {
				BUNDLE_LOADER = "$(TEST_HOST)";
				CODE_SIGN_STYLE = Automatic;
				CURRENT_PROJECT_VERSION = 1;
				GENERATE_INFOPLIST_FILE = YES;
				IPHONEOS_DEPLOYMENT_TARGET = 18.1;
				MARKETING_VERSION = 1.0;
				PRODUCT_BUNDLE_IDENTIFIER = khalid.com.WeatherAppRealTests;
				PRODUCT_NAME = "$(TARGET_NAME)";
				SWIFT_EMIT_LOC_STRINGS = NO;
				SWIFT_VERSION = 5.0;
				TARGETED_DEVICE_FAMILY = "1,2";
				TEST_HOST = "$(BUILT_PRODUCTS_DIR)/WeatherAppReal.app/$(BUNDLE_EXECUTABLE_FOLDER_PATH)/WeatherAppReal";
			};
			name = Release;
		};
		FC2007FA2CDD14C100CFDA83 /* Debug */ = {
			isa = XCBuildConfiguration;
			buildSettings = {
				CODE_SIGN_STYLE = Automatic;
				CURRENT_PROJECT_VERSION = 1;
				GENERATE_INFOPLIST_FILE = YES;
				MARKETING_VERSION = 1.0;
				PRODUCT_BUNDLE_IDENTIFIER = khalid.com.WeatherAppRealUITests;
				PRODUCT_NAME = "$(TARGET_NAME)";
				SWIFT_EMIT_LOC_STRINGS = NO;
				SWIFT_VERSION = 5.0;
				TARGETED_DEVICE_FAMILY = "1,2";
				TEST_TARGET_NAME = WeatherAppReal;
			};
			name = Debug;
		};
		FC2007FB2CDD14C100CFDA83 /* Release */ = {
			isa = XCBuildConfiguration;
			buildSettings = {
				CODE_SIGN_STYLE = Automatic;
				CURRENT_PROJECT_VERSION = 1;
				GENERATE_INFOPLIST_FILE = YES;
				MARKETING_VERSION = 1.0;
				PRODUCT_BUNDLE_IDENTIFIER = khalid.com.WeatherAppRealUITests;
				PRODUCT_NAME = "$(TARGET_NAME)";
				SWIFT_EMIT_LOC_STRINGS = NO;
				SWIFT_VERSION = 5.0;
				TARGETED_DEVICE_FAMILY = "1,2";
				TEST_TARGET_NAME = WeatherAppReal;
			};
			name = Release;
		};
/* End XCBuildConfiguration section */

/* Begin XCConfigurationList section */
		FC2007C32CDD14BD00CFDA83 /* Build configuration list for PBXProject "WeatherAppReal" */ = {
			isa = XCConfigurationList;
			buildConfigurations = (
				FC2007F42CDD14C100CFDA83 /* Debug */,
				FC2007F52CDD14C100CFDA83 /* Release */,
			);
			defaultConfigurationIsVisible = 0;
			defaultConfigurationName = Release;
		};
		FC2007F12CDD14C100CFDA83 /* Build configuration list for PBXNativeTarget "WeatherAppReal" */ = {
			isa = XCConfigurationList;
			buildConfigurations = (
				FC2007F22CDD14C100CFDA83 /* Debug */,
				FC2007F32CDD14C100CFDA83 /* Release */,
			);
			defaultConfigurationIsVisible = 0;
			defaultConfigurationName = Release;
		};
		FC2007F62CDD14C100CFDA83 /* Build configuration list for PBXNativeTarget "WeatherAppRealTests" */ = {
			isa = XCConfigurationList;
			buildConfigurations = (
				FC2007F72CDD14C100CFDA83 /* Debug */,
				FC2007F82CDD14C100CFDA83 /* Release */,
			);
			defaultConfigurationIsVisible = 0;
			defaultConfigurationName = Release;
		};
		FC2007F92CDD14C100CFDA83 /* Build configuration list for PBXNativeTarget "WeatherAppRealUITests" */ = {
			isa = XCConfigurationList;
			buildConfigurations = (
				FC2007FA2CDD14C100CFDA83 /* Debug */,
				FC2007FB2CDD14C100CFDA83 /* Release */,
			);
			defaultConfigurationIsVisible = 0;
			defaultConfigurationName = Release;
		};
/* End XCConfigurationList section */
	};
	rootObject = FC2007C02CDD14BD00CFDA83 /* Project object */;
}
